
Microsoft Visual Studio Solution File, Format Version 12.00
# Visual Studio Version 17
VisualStudioVersion = 17.0.31903.59
MinimumVisualStudioVersion = 10.0.40219.1
Project("{FAE04EC0-301F-11D3-BF4B-00C04F79EFBC}") = "BuberDinner.Api", "BuberDinner.Api\BuberDinner.Api.csproj", "{AC47F596-186C-4439-B02F-941DB9671135}"
EndProject
Project("{FAE04EC0-301F-11D3-BF4B-00C04F79EFBC}") = "BuberDinner.Application", "BuberDinner.Application\BuberDinner.Application.csproj", "{E09C7B65-C2A6-48AD-A8D0-6236BF97E1DB}"
EndProject
Project("{FAE04EC0-301F-11D3-BF4B-00C04F79EFBC}") = "BuberDinner.Contracts", "BuberDinner.Contracts\BuberDinner.Contracts.csproj", "{BDE901BB-04D8-42D0-87CC-B39F6D520CA9}"
EndProject
Project("{FAE04EC0-301F-11D3-BF4B-00C04F79EFBC}") = "BuberDinner.Domain", "BuberDinner.Domain\BuberDinner.Domain.csproj", "{17CF3B51-ACAD-4B1E-BC70-AED0AAA33F51}"
EndProject
Project("{FAE04EC0-301F-11D3-BF4B-00C04F79EFBC}") = "BuberDinner.Infrastructure", "BuberDinner.Infrastructure\BuberDinner.Infrastructure.csproj", "{93D4ECA7-D437-40E8-BC2E-560E028AFB05}"
EndProject
Global
	GlobalSection(SolutionConfigurationPlatforms) = preSolution
		Debug|Any CPU = Debug|Any CPU
		Debug|x64 = Debug|x64
		Debug|x86 = Debug|x86
		Release|Any CPU = Release|Any CPU
		Release|x64 = Release|x64
		Release|x86 = Release|x86
	EndGlobalSection
	GlobalSection(ProjectConfigurationPlatforms) = postSolution
		{AC47F596-186C-4439-B02F-941DB9671135}.Debug|Any CPU.ActiveCfg = Debug|Any CPU
		{AC47F596-186C-4439-B02F-941DB9671135}.Debug|Any CPU.Build.0 = Debug|Any CPU
		{AC47F596-186C-4439-B02F-941DB9671135}.Debug|x64.ActiveCfg = Debug|Any CPU
		{AC47F596-186C-4439-B02F-941DB9671135}.Debug|x64.Build.0 = Debug|Any CPU
		{AC47F596-186C-4439-B02F-941DB9671135}.Debug|x86.ActiveCfg = Debug|Any CPU
		{AC47F596-186C-4439-B02F-941DB9671135}.Debug|x86.Build.0 = Debug|Any CPU
		{AC47F596-186C-4439-B02F-941DB9671135}.Release|Any CPU.ActiveCfg = Release|Any CPU
		{AC47F596-186C-4439-B02F-941DB9671135}.Release|Any CPU.Build.0 = Release|Any CPU
		{AC47F596-186C-4439-B02F-941DB9671135}.Release|x64.ActiveCfg = Release|Any CPU
		{AC47F596-186C-4439-B02F-941DB9671135}.Release|x64.Build.0 = Release|Any CPU
		{AC47F596-186C-4439-B02F-941DB9671135}.Release|x86.ActiveCfg = Release|Any CPU
		{AC47F596-186C-4439-B02F-941DB9671135}.Release|x86.Build.0 = Release|Any CPU
		{E09C7B65-C2A6-48AD-A8D0-6236BF97E1DB}.Debug|Any CPU.ActiveCfg = Debug|Any CPU
		{E09C7B65-C2A6-48AD-A8D0-6236BF97E1DB}.Debug|Any CPU.Build.0 = Debug|Any CPU
		{E09C7B65-C2A6-48AD-A8D0-6236BF97E1DB}.Debug|x64.ActiveCfg = Debug|Any CPU
		{E09C7B65-C2A6-48AD-A8D0-6236BF97E1DB}.Debug|x64.Build.0 = Debug|Any CPU
		{E09C7B65-C2A6-48AD-A8D0-6236BF97E1DB}.Debug|x86.ActiveCfg = Debug|Any CPU
		{E09C7B65-C2A6-48AD-A8D0-6236BF97E1DB}.Debug|x86.Build.0 = Debug|Any CPU
		{E09C7B65-C2A6-48AD-A8D0-6236BF97E1DB}.Release|Any CPU.ActiveCfg = Release|Any CPU
		{E09C7B65-C2A6-48AD-A8D0-6236BF97E1DB}.Release|Any CPU.Build.0 = Release|Any CPU
		{E09C7B65-C2A6-48AD-A8D0-6236BF97E1DB}.Release|x64.ActiveCfg = Release|Any CPU
		{E09C7B65-C2A6-48AD-A8D0-6236BF97E1DB}.Release|x64.Build.0 = Release|Any CPU
		{E09C7B65-C2A6-48AD-A8D0-6236BF97E1DB}.Release|x86.ActiveCfg = Release|Any CPU
		{E09C7B65-C2A6-48AD-A8D0-6236BF97E1DB}.Release|x86.Build.0 = Release|Any CPU
		{BDE901BB-04D8-42D0-87CC-B39F6D520CA9}.Debug|Any CPU.ActiveCfg = Debug|Any CPU
		{BDE901BB-04D8-42D0-87CC-B39F6D520CA9}.Debug|Any CPU.Build.0 = Debug|Any CPU
		{BDE901BB-04D8-42D0-87CC-B39F6D520CA9}.Debug|x64.ActiveCfg = Debug|Any CPU
		{BDE901BB-04D8-42D0-87CC-B39F6D520CA9}.Debug|x64.Build.0 = Debug|Any CPU
		{BDE901BB-04D8-42D0-87CC-B39F6D520CA9}.Debug|x86.ActiveCfg = Debug|Any CPU
		{BDE901BB-04D8-42D0-87CC-B39F6D520CA9}.Debug|x86.Build.0 = Debug|Any CPU
		{BDE901BB-04D8-42D0-87CC-B39F6D520CA9}.Release|Any CPU.ActiveCfg = Release|Any CPU
		{BDE901BB-04D8-42D0-87CC-B39F6D520CA9}.Release|Any CPU.Build.0 = Release|Any CPU
		{BDE901BB-04D8-42D0-87CC-B39F6D520CA9}.Release|x64.ActiveCfg = Release|Any CPU
		{BDE901BB-04D8-42D0-87CC-B39F6D520CA9}.Release|x64.Build.0 = Release|Any CPU
		{BDE901BB-04D8-42D0-87CC-B39F6D520CA9}.Release|x86.ActiveCfg = Release|Any CPU
		{BDE901BB-04D8-42D0-87CC-B39F6D520CA9}.Release|x86.Build.0 = Release|Any CPU
		{17CF3B51-ACAD-4B1E-BC70-AED0AAA33F51}.Debug|Any CPU.ActiveCfg = Debug|Any CPU
		{17CF3B51-ACAD-4B1E-BC70-AED0AAA33F51}.Debug|Any CPU.Build.0 = Debug|Any CPU
		{17CF3B51-ACAD-4B1E-BC70-AED0AAA33F51}.Debug|x64.ActiveCfg = Debug|Any CPU
		{17CF3B51-ACAD-4B1E-BC70-AED0AAA33F51}.Debug|x64.Build.0 = Debug|Any CPU
		{17CF3B51-ACAD-4B1E-BC70-AED0AAA33F51}.Debug|x86.ActiveCfg = Debug|Any CPU
		{17CF3B51-ACAD-4B1E-BC70-AED0AAA33F51}.Debug|x86.Build.0 = Debug|Any CPU
		{17CF3B51-ACAD-4B1E-BC70-AED0AAA33F51}.Release|Any CPU.ActiveCfg = Release|Any CPU
		{17CF3B51-ACAD-4B1E-BC70-AED0AAA33F51}.Release|Any CPU.Build.0 = Release|Any CPU
		{17CF3B51-ACAD-4B1E-BC70-AED0AAA33F51}.Release|x64.ActiveCfg = Release|Any CPU
		{17CF3B51-ACAD-4B1E-BC70-AED0AAA33F51}.Release|x64.Build.0 = Release|Any CPU
		{17CF3B51-ACAD-4B1E-BC70-AED0AAA33F51}.Release|x86.ActiveCfg = Release|Any CPU
		{17CF3B51-ACAD-4B1E-BC70-AED0AAA33F51}.Release|x86.Build.0 = Release|Any CPU
		{93D4ECA7-D437-40E8-BC2E-560E028AFB05}.Debug|Any CPU.ActiveCfg = Debug|Any CPU
		{93D4ECA7-D437-40E8-BC2E-560E028AFB05}.Debug|Any CPU.Build.0 = Debug|Any CPU
		{93D4ECA7-D437-40E8-BC2E-560E028AFB05}.Debug|x64.ActiveCfg = Debug|Any CPU
		{93D4ECA7-D437-40E8-BC2E-560E028AFB05}.Debug|x64.Build.0 = Debug|Any CPU
		{93D4ECA7-D437-40E8-BC2E-560E028AFB05}.Debug|x86.ActiveCfg = Debug|Any CPU
		{93D4ECA7-D437-40E8-BC2E-560E028AFB05}.Debug|x86.Build.0 = Debug|Any CPU
		{93D4ECA7-D437-40E8-BC2E-560E028AFB05}.Release|Any CPU.ActiveCfg = Release|Any CPU
		{93D4ECA7-D437-40E8-BC2E-560E028AFB05}.Release|Any CPU.Build.0 = Release|Any CPU
		{93D4ECA7-D437-40E8-BC2E-560E028AFB05}.Release|x64.ActiveCfg = Release|Any CPU
		{93D4ECA7-D437-40E8-BC2E-560E028AFB05}.Release|x64.Build.0 = Release|Any CPU
		{93D4ECA7-D437-40E8-BC2E-560E028AFB05}.Release|x86.ActiveCfg = Release|Any CPU
		{93D4ECA7-D437-40E8-BC2E-560E028AFB05}.Release|x86.Build.0 = Release|Any CPU
	EndGlobalSection
	GlobalSection(SolutionProperties) = preSolution
		HideSolutionNode = FALSE
	EndGlobalSection
EndGlobal
